// !$*UTF8*$!
{
	archiveVersion = 1;
	classes = {
	};
	objectVersion = 50;
	objects = {

/* Begin PBXBuildFile section */
		2A901A95263B465100024EE3 /* WebSocketTestApp.swift in Sources */ = {isa = PBXBuildFile; fileRef = 2A901A94263B465100024EE3 /* WebSocketTestApp.swift */; };
		2A901A97263B465100024EE3 /* ContentView.swift in Sources */ = {isa = PBXBuildFile; fileRef = 2A901A96263B465100024EE3 /* ContentView.swift */; };
		2A901A99263B465200024EE3 /* Assets.xcassets in Resources */ = {isa = PBXBuildFile; fileRef = 2A901A98263B465200024EE3 /* Assets.xcassets */; };
		2A901A9C263B465200024EE3 /* Preview Assets.xcassets in Resources */ = {isa = PBXBuildFile; fileRef = 2A901A9B263B465200024EE3 /* Preview Assets.xcassets */; };
		2A901AA7263B465300024EE3 /* WebSocketTestTests.swift in Sources */ = {isa = PBXBuildFile; fileRef = 2A901AA6263B465300024EE3 /* WebSocketTestTests.swift */; };
		2A901AB2263B465300024EE3 /* WebSocketTestUITests.swift in Sources */ = {isa = PBXBuildFile; fileRef = 2A901AB1263B465300024EE3 /* WebSocketTestUITests.swift */; };
/* End PBXBuildFile section */

/* Begin PBXContainerItemProxy section */
		2A901AA3263B465300024EE3 /* PBXContainerItemProxy */ = {
			isa = PBXContainerItemProxy;
			containerPortal = 2A901A89263B465000024EE3 /* Project object */;
			proxyType = 1;
			remoteGlobalIDString = 2A901A90263B465000024EE3;
			remoteInfo = WebSocketTest;
		};
		2A901AAE263B465300024EE3 /* PBXContainerItemProxy */ = {
			isa = PBXContainerItemProxy;
			containerPortal = 2A901A89263B465000024EE3 /* Project object */;
			proxyType = 1;
			remoteGlobalIDString = 2A901A90263B465000024EE3;
			remoteInfo = WebSocketTest;
		};
/* End PBXContainerItemProxy section */

/* Begin PBXFileReference section */
		2A901A91263B465000024EE3 /* WebSocketTest.app */ = {isa = PBXFileReference; explicitFileType = wrapper.application; includeInIndex = 0; path = WebSocketTest.app; sourceTree = BUILT_PRODUCTS_DIR; };
		2A901A94263B465100024EE3 /* WebSocketTestApp.swift */ = {isa = PBXFileReference; lastKnownFileType = sourcecode.swift; path = WebSocketTestApp.swift; sourceTree = "<group>"; };
		2A901A96263B465100024EE3 /* ContentView.swift */ = {isa = PBXFileReference; lastKnownFileType = sourcecode.swift; path = ContentView.swift; sourceTree = "<group>"; };
		2A901A98263B465200024EE3 /* Assets.xcassets */ = {isa = PBXFileReference; lastKnownFileType = folder.assetcatalog; path = Assets.xcassets; sourceTree = "<group>"; };
		2A901A9B263B465200024EE3 /* Preview Assets.xcassets */ = {isa = PBXFileReference; lastKnownFileType = folder.assetcatalog; path = "Preview Assets.xcassets"; sourceTree = "<group>"; };
		2A901A9D263B465200024EE3 /* Info.plist */ = {isa = PBXFileReference; lastKnownFileType = text.plist.xml; path = Info.plist; sourceTree = "<group>"; };
		2A901AA2263B465300024EE3 /* WebSocketTestTests.xctest */ = {isa = PBXFileReference; explicitFileType = wrapper.cfbundle; includeInIndex = 0; path = WebSocketTestTests.xctest; sourceTree = BUILT_PRODUCTS_DIR; };
		2A901AA6263B465300024EE3 /* WebSocketTestTests.swift */ = {isa = PBXFileReference; lastKnownFileType = sourcecode.swift; path = WebSocketTestTests.swift; sourceTree = "<group>"; };
		2A901AA8263B465300024EE3 /* Info.plist */ = {isa = PBXFileReference; lastKnownFileType = text.plist.xml; path = Info.plist; sourceTree = "<group>"; };
		2A901AAD263B465300024EE3 /* WebSocketTestUITests.xctest */ = {isa = PBXFileReference; explicitFileType = wrapper.cfbundle; includeInIndex = 0; path = WebSocketTestUITests.xctest; sourceTree = BUILT_PRODUCTS_DIR; };
		2A901AB1263B465300024EE3 /* WebSocketTestUITests.swift */ = {isa = PBXFileReference; lastKnownFileType = sourcecode.swift; path = WebSocketTestUITests.swift; sourceTree = "<group>"; };
		2A901AB3263B465300024EE3 /* Info.plist */ = {isa = PBXFileReference; lastKnownFileType = text.plist.xml; path = Info.plist; sourceTree = "<group>"; };
/* End PBXFileReference section */

/* Begin PBXFrameworksBuildPhase section */
		2A901A8E263B465000024EE3 /* Frameworks */ = {
			isa = PBXFrameworksBuildPhase;
			buildActionMask = 2147483647;
			files = (
			);
			runOnlyForDeploymentPostprocessing = 0;
		};
		2A901A9F263B465300024EE3 /* Frameworks */ = {
			isa = PBXFrameworksBuildPhase;
			buildActionMask = 2147483647;
			files = (
			);
			runOnlyForDeploymentPostprocessing = 0;
		};
		2A901AAA263B465300024EE3 /* Frameworks */ = {
			isa = PBXFrameworksBuildPhase;
			buildActionMask = 2147483647;
			files = (
			);
			runOnlyForDeploymentPostprocessing = 0;
		};
/* End PBXFrameworksBuildPhase section */

/* Begin PBXGroup section */
		2A901A88263B465000024EE3 = {
			isa = PBXGroup;
			children = (
				2A901A93263B465100024EE3 /* WebSocketTest */,
				2A901AA5263B465300024EE3 /* WebSocketTestTests */,
				2A901AB0263B465300024EE3 /* WebSocketTestUITests */,
				2A901A92263B465000024EE3 /* Products */,
			);
			sourceTree = "<group>";
		};
		2A901A92263B465000024EE3 /* Products */ = {
			isa = PBXGroup;
			children = (
				2A901A91263B465000024EE3 /* WebSocketTest.app */,
				2A901AA2263B465300024EE3 /* WebSocketTestTests.xctest */,
				2A901AAD263B465300024EE3 /* WebSocketTestUITests.xctest */,
			);
			name = Products;
			sourceTree = "<group>";
		};
		2A901A93263B465100024EE3 /* WebSocketTest */ = {
			isa = PBXGroup;
			children = (
				2A901A94263B465100024EE3 /* WebSocketTestApp.swift */,
				2A901A96263B465100024EE3 /* ContentView.swift */,
				2A901A98263B465200024EE3 /* Assets.xcassets */,
				2A901A9D263B465200024EE3 /* Info.plist */,
				2A901A9A263B465200024EE3 /* Preview Content */,
			);
			path = WebSocketTest;
			sourceTree = "<group>";
		};
		2A901A9A263B465200024EE3 /* Preview Content */ = {
			isa = PBXGroup;
			children = (
				2A901A9B263B465200024EE3 /* Preview Assets.xcassets */,
			);
			path = "Preview Content";
			sourceTree = "<group>";
		};
		2A901AA5263B465300024EE3 /* WebSocketTestTests */ = {
			isa = PBXGroup;
			children = (
				2A901AA6263B465300024EE3 /* WebSocketTestTests.swift */,
				2A901AA8263B465300024EE3 /* Info.plist */,
			);
			path = WebSocketTestTests;
			sourceTree = "<group>";
		};
		2A901AB0263B465300024EE3 /* WebSocketTestUITests */ = {
			isa = PBXGroup;
			children = (
				2A901AB1263B465300024EE3 /* WebSocketTestUITests.swift */,
				2A901AB3263B465300024EE3 /* Info.plist */,
			);
			path = WebSocketTestUITests;
			sourceTree = "<group>";
		};
/* End PBXGroup section */

/* Begin PBXNativeTarget section */
		2A901A90263B465000024EE3 /* WebSocketTest */ = {
			isa = PBXNativeTarget;
			buildConfigurationList = 2A901AB6263B465300024EE3 /* Build configuration list for PBXNativeTarget "WebSocketTest" */;
			buildPhases = (
				2A901A8D263B465000024EE3 /* Sources */,
				2A901A8E263B465000024EE3 /* Frameworks */,
				2A901A8F263B465000024EE3 /* Resources */,
			);
			buildRules = (
			);
			dependencies = (
			);
			name = WebSocketTest;
			productName = WebSocketTest;
			productReference = 2A901A91263B465000024EE3 /* WebSocketTest.app */;
			productType = "com.apple.product-type.application";
		};
		2A901AA1263B465300024EE3 /* WebSocketTestTests */ = {
			isa = PBXNativeTarget;
			buildConfigurationList = 2A901AB9263B465300024EE3 /* Build configuration list for PBXNativeTarget "WebSocketTestTests" */;
			buildPhases = (
				2A901A9E263B465300024EE3 /* Sources */,
				2A901A9F263B465300024EE3 /* Frameworks */,
				2A901AA0263B465300024EE3 /* Resources */,
			);
			buildRules = (
			);
			dependencies = (
				2A901AA4263B465300024EE3 /* PBXTargetDependency */,
			);
			name = WebSocketTestTests;
			productName = WebSocketTestTests;
			productReference = 2A901AA2263B465300024EE3 /* WebSocketTestTests.xctest */;
			productType = "com.apple.product-type.bundle.unit-test";
		};
		2A901AAC263B465300024EE3 /* WebSocketTestUITests */ = {
			isa = PBXNativeTarget;
			buildConfigurationList = 2A901ABC263B465300024EE3 /* Build configuration list for PBXNativeTarget "WebSocketTestUITests" */;
			buildPhases = (
				2A901AA9263B465300024EE3 /* Sources */,
				2A901AAA263B465300024EE3 /* Frameworks */,
				2A901AAB263B465300024EE3 /* Resources */,
			);
			buildRules = (
			);
			dependencies = (
				2A901AAF263B465300024EE3 /* PBXTargetDependency */,
			);
			name = WebSocketTestUITests;
			productName = WebSocketTestUITests;
			productReference = 2A901AAD263B465300024EE3 /* WebSocketTestUITests.xctest */;
			productType = "com.apple.product-type.bundle.ui-testing";
		};
/* End PBXNativeTarget section */

/* Begin PBXProject section */
		2A901A89263B465000024EE3 /* Project object */ = {
			isa = PBXProject;
			attributes = {
				LastSwiftUpdateCheck = 1250;
				LastUpgradeCheck = 1250;
				TargetAttributes = {
					2A901A90263B465000024EE3 = {
						CreatedOnToolsVersion = 12.5;
					};
					2A901AA1263B465300024EE3 = {
						CreatedOnToolsVersion = 12.5;
						TestTargetID = 2A901A90263B465000024EE3;
					};
					2A901AAC263B465300024EE3 = {
						CreatedOnToolsVersion = 12.5;
						TestTargetID = 2A901A90263B465000024EE3;
					};
				};
			};
			buildConfigurationList = 2A901A8C263B465000024EE3 /* Build configuration list for PBXProject "WebSocketTest" */;
			compatibilityVersion = "Xcode 9.3";
			developmentRegion = en;
			hasScannedForEncodings = 0;
			knownRegions = (
				en,
				Base,
			);
			mainGroup = 2A901A88263B465000024EE3;
			productRefGroup = 2A901A92263B465000024EE3 /* Products */;
			projectDirPath = "";
			projectRoot = "";
			targets = (
				2A901A90263B465000024EE3 /* WebSocketTest */,
				2A901AA1263B465300024EE3 /* WebSocketTestTests */,
				2A901AAC263B465300024EE3 /* WebSocketTestUITests */,
			);
		};
/* End PBXProject section */

/* Begin PBXResourcesBuildPhase section */
		2A901A8F263B465000024EE3 /* Resources */ = {
			isa = PBXResourcesBuildPhase;
			buildActionMask = 2147483647;
			files = (
				2A901A9C263B465200024EE3 /* Preview Assets.xcassets in Resources */,
				2A901A99263B465200024EE3 /* Assets.xcassets in Resources */,
			);
			runOnlyForDeploymentPostprocessing = 0;
		};
		2A901AA0263B465300024EE3 /* Resources */ = {
			isa = PBXResourcesBuildPhase;
			buildActionMask = 2147483647;
			files = (
			);
			runOnlyForDeploymentPostprocessing = 0;
		};
		2A901AAB263B465300024EE3 /* Resources */ = {
			isa = PBXResourcesBuildPhase;
			buildActionMask = 2147483647;
			files = (
			);
			runOnlyForDeploymentPostprocessing = 0;
		};
/* End PBXResourcesBuildPhase section */

/* Begin PBXSourcesBuildPhase section */
		2A901A8D263B465000024EE3 /* Sources */ = {
			isa = PBXSourcesBuildPhase;
			buildActionMask = 2147483647;
			files = (
				2A901A97263B465100024EE3 /* ContentView.swift in Sources */,
				2A901A95263B465100024EE3 /* WebSocketTestApp.swift in Sources */,
			);
			runOnlyForDeploymentPostprocessing = 0;
		};
		2A901A9E263B465300024EE3 /* Sources */ = {
			isa = PBXSourcesBuildPhase;
			buildActionMask = 2147483647;
			files = (
				2A901AA7263B465300024EE3 /* WebSocketTestTests.swift in Sources */,
			);
			runOnlyForDeploymentPostprocessing = 0;
		};
		2A901AA9263B465300024EE3 /* Sources */ = {
			isa = PBXSourcesBuildPhase;
			buildActionMask = 2147483647;
			files = (
				2A901AB2263B465300024EE3 /* WebSocketTestUITests.swift in Sources */,
			);
			runOnlyForDeploymentPostprocessing = 0;
		};
/* End PBXSourcesBuildPhase section */

/* Begin PBXTargetDependency section */
		2A901AA4263B465300024EE3 /* PBXTargetDependency */ = {
			isa = PBXTargetDependency;
			target = 2A901A90263B465000024EE3 /* WebSocketTest */;
			targetProxy = 2A901AA3263B465300024EE3 /* PBXContainerItemProxy */;
		};
		2A901AAF263B465300024EE3 /* PBXTargetDependency */ = {
			isa = PBXTargetDependency;
			target = 2A901A90263B465000024EE3 /* WebSocketTest */;
			targetProxy = 2A901AAE263B465300024EE3 /* PBXContainerItemProxy */;
		};
/* End PBXTargetDependency section */

/* Begin XCBuildConfiguration section */
		2A901AB4263B465300024EE3 /* Debug */ = {
			isa = XCBuildConfiguration;
			buildSettings = {
				ALWAYS_SEARCH_USER_PATHS = NO;
				CLANG_ANALYZER_NONNULL = YES;
				CLANG_ANALYZER_NUMBER_OBJECT_CONVERSION = YES_AGGRESSIVE;
				CLANG_CXX_LANGUAGE_STANDARD = "gnu++14";
				CLANG_CXX_LIBRARY = "libc++";
				CLANG_ENABLE_MODULES = YES;
				CLANG_ENABLE_OBJC_ARC = YES;
				CLANG_ENABLE_OBJC_WEAK = YES;
				CLANG_WARN_BLOCK_CAPTURE_AUTORELEASING = YES;
				CLANG_WARN_BOOL_CONVERSION = YES;
				CLANG_WARN_COMMA = YES;
				CLANG_WARN_CONSTANT_CONVERSION = YES;
				CLANG_WARN_DEPRECATED_OBJC_IMPLEMENTATIONS = YES;
				CLANG_WARN_DIRECT_OBJC_ISA_USAGE = YES_ERROR;
				CLANG_WARN_DOCUMENTATION_COMMENTS = YES;
				CLANG_WARN_EMPTY_BODY = YES;
				CLANG_WARN_ENUM_CONVERSION = YES;
				CLANG_WARN_INFINITE_RECURSION = YES;
				CLANG_WARN_INT_CONVERSION = YES;
				CLANG_WARN_NON_LITERAL_NULL_CONVERSION = YES;
				CLANG_WARN_OBJC_IMPLICIT_RETAIN_SELF = YES;
				CLANG_WARN_OBJC_LITERAL_CONVERSION = YES;
				CLANG_WARN_OBJC_ROOT_CLASS = YES_ERROR;
				CLANG_WARN_QUOTED_INCLUDE_IN_FRAMEWORK_HEADER = YES;
				CLANG_WARN_RANGE_LOOP_ANALYSIS = YES;
				CLANG_WARN_STRICT_PROTOTYPES = YES;
				CLANG_WARN_SUSPICIOUS_MOVE = YES;
				CLANG_WARN_UNGUARDED_AVAILABILITY = YES_AGGRESSIVE;
				CLANG_WARN_UNREACHABLE_CODE = YES;
				CLANG_WARN__DUPLICATE_METHOD_MATCH = YES;
				COPY_PHASE_STRIP = NO;
				DEBUG_INFORMATION_FORMAT = dwarf;
				ENABLE_STRICT_OBJC_MSGSEND = YES;
				ENABLE_TESTABILITY = YES;
				GCC_C_LANGUAGE_STANDARD = gnu11;
				GCC_DYNAMIC_NO_PIC = NO;
				GCC_NO_COMMON_BLOCKS = YES;
				GCC_OPTIMIZATION_LEVEL = 0;
				GCC_PREPROCESSOR_DEFINITIONS = (
					"DEBUG=1",
					"$(inherited)",
				);
				GCC_WARN_64_TO_32_BIT_CONVERSION = YES;
				GCC_WARN_ABOUT_RETURN_TYPE = YES_ERROR;
				GCC_WARN_UNDECLARED_SELECTOR = YES;
				GCC_WARN_UNINITIALIZED_AUTOS = YES_AGGRESSIVE;
				GCC_WARN_UNUSED_FUNCTION = YES;
				GCC_WARN_UNUSED_VARIABLE = YES;
				IPHONEOS_DEPLOYMENT_TARGET = 14.5;
				MTL_ENABLE_DEBUG_INFO = INCLUDE_SOURCE;
				MTL_FAST_MATH = YES;
				ONLY_ACTIVE_ARCH = YES;
				SDKROOT = iphoneos;
				SWIFT_ACTIVE_COMPILATION_CONDITIONS = DEBUG;
				SWIFT_OPTIMIZATION_LEVEL = "-Onone";
			};
			name = Debug;
		};
		2A901AB5263B465300024EE3 /* Release */ = {
			isa = XCBuildConfiguration;
			buildSettings = {
				ALWAYS_SEARCH_USER_PATHS = NO;
				CLANG_ANALYZER_NONNULL = YES;
				CLANG_ANALYZER_NUMBER_OBJECT_CONVERSION = YES_AGGRESSIVE;
				CLANG_CXX_LANGUAGE_STANDARD = "gnu++14";
				CLANG_CXX_LIBRARY = "libc++";
				CLANG_ENABLE_MODULES = YES;
				CLANG_ENABLE_OBJC_ARC = YES;
				CLANG_ENABLE_OBJC_WEAK = YES;
				CLANG_WARN_BLOCK_CAPTURE_AUTORELEASING = YES;
				CLANG_WARN_BOOL_CONVERSION = YES;
				CLANG_WARN_COMMA = YES;
				CLANG_WARN_CONSTANT_CONVERSION = YES;
				CLANG_WARN_DEPRECATED_OBJC_IMPLEMENTATIONS = YES;
				CLANG_WARN_DIRECT_OBJC_ISA_USAGE = YES_ERROR;
				CLANG_WARN_DOCUMENTATION_COMMENTS = YES;
				CLANG_WARN_EMPTY_BODY = YES;
				CLANG_WARN_ENUM_CONVERSION = YES;
				CLANG_WARN_INFINITE_RECURSION = YES;
				CLANG_WARN_INT_CONVERSION = YES;
				CLANG_WARN_NON_LITERAL_NULL_CONVERSION = YES;
				CLANG_WARN_OBJC_IMPLICIT_RETAIN_SELF = YES;
				CLANG_WARN_OBJC_LITERAL_CONVERSION = YES;
				CLANG_WARN_OBJC_ROOT_CLASS = YES_ERROR;
				CLANG_WARN_QUOTED_INCLUDE_IN_FRAMEWORK_HEADER = YES;
				CLANG_WARN_RANGE_LOOP_ANALYSIS = YES;
				CLANG_WARN_STRICT_PROTOTYPES = YES;
				CLANG_WARN_SUSPICIOUS_MOVE = YES;
				CLANG_WARN_UNGUARDED_AVAILABILITY = YES_AGGRESSIVE;
				CLANG_WARN_UNREACHABLE_CODE = YES;
				CLANG_WARN__DUPLICATE_METHOD_MATCH = YES;
				COPY_PHASE_STRIP = NO;
				DEBUG_INFORMATION_FORMAT = "dwarf-with-dsym";
				ENABLE_NS_ASSERTIONS = NO;
				ENABLE_STRICT_OBJC_MSGSEND = YES;
				GCC_C_LANGUAGE_STANDARD = gnu11;
				GCC_NO_COMMON_BLOCKS = YES;
				GCC_WARN_64_TO_32_BIT_CONVERSION = YES;
				GCC_WARN_ABOUT_RETURN_TYPE = YES_ERROR;
				GCC_WARN_UNDECLARED_SELECTOR = YES;
				GCC_WARN_UNINITIALIZED_AUTOS = YES_AGGRESSIVE;
				GCC_WARN_UNUSED_FUNCTION = YES;
				GCC_WARN_UNUSED_VARIABLE = YES;
				IPHONEOS_DEPLOYMENT_TARGET = 14.5;
				MTL_ENABLE_DEBUG_INFO = NO;
				MTL_FAST_MATH = YES;
				SDKROOT = iphoneos;
				SWIFT_COMPILATION_MODE = wholemodule;
				SWIFT_OPTIMIZATION_LEVEL = "-O";
				VALIDATE_PRODUCT = YES;
			};
			name = Release;
		};
		2A901AB7263B465300024EE3 /* Debug */ = {
			isa = XCBuildConfiguration;
			buildSettings = {
				ASSETCATALOG_COMPILER_APPICON_NAME = AppIcon;
				ASSETCATALOG_COMPILER_GLOBAL_ACCENT_COLOR_NAME = AccentColor;
				CODE_SIGN_STYLE = Automatic;
				DEVELOPMENT_ASSET_PATHS = "\"WebSocketTest/Preview Content\"";
				ENABLE_PREVIEWS = YES;
				INFOPLIST_FILE = WebSocketTest/Info.plist;
				IPHONEOS_DEPLOYMENT_TARGET = 14.0;
				LD_RUNPATH_SEARCH_PATHS = (
					"$(inherited)",
					"@executable_path/Frameworks",
				);
				PRODUCT_BUNDLE_IDENTIFIER = lily.WebSocketTest;
				PRODUCT_NAME = "$(TARGET_NAME)";
				SWIFT_VERSION = 5.0;
				TARGETED_DEVICE_FAMILY = "1,2";
			};
			name = Debug;
		};
		2A901AB8263B465300024EE3 /* Release */ = {
			isa = XCBuildConfiguration;
			buildSettings = {
				ASSETCATALOG_COMPILER_APPICON_NAME = AppIcon;
				ASSETCATALOG_COMPILER_GLOBAL_ACCENT_COLOR_NAME = AccentColor;
				CODE_SIGN_STYLE = Automatic;
				DEVELOPMENT_ASSET_PATHS = "\"WebSocketTest/Preview Content\"";
				ENABLE_PREVIEWS = YES;
				INFOPLIST_FILE = WebSocketTest/Info.plist;
				IPHONEOS_DEPLOYMENT_TARGET = 14.0;
				LD_RUNPATH_SEARCH_PATHS = (
					"$(inherited)",
					"@executable_path/Frameworks",
				);
				PRODUCT_BUNDLE_IDENTIFIER = lily.WebSocketTest;
				PRODUCT_NAME = "$(TARGET_NAME)";
				SWIFT_VERSION = 5.0;
				TARGETED_DEVICE_FAMILY = "1,2";
			};
			name = Release;
		};
		2A901ABA263B465300024EE3 /* Debug */ = {
			isa = XCBuildConfiguration;
			buildSettings = {
				ALWAYS_EMBED_SWIFT_STANDARD_LIBRARIES = YES;
				BUNDLE_LOADER = "$(TEST_HOST)";
				CODE_SIGN_STYLE = Automatic;
				INFOPLIST_FILE = WebSocketTestTests/Info.plist;
				IPHONEOS_DEPLOYMENT_TARGET = 14.0;
				LD_RUNPATH_SEARCH_PATHS = (
					"$(inherited)",
					"@executable_path/Frameworks",
					"@loader_path/Frameworks",
				);
				PRODUCT_BUNDLE_IDENTIFIER = lily.WebSocketTestTests;
				PRODUCT_NAME = "$(TARGET_NAME)";
				SWIFT_VERSION = 5.0;
				TARGETED_DEVICE_FAMILY = "1,2";
				TEST_HOST = "$(BUILT_PRODUCTS_DIR)/WebSocketTest.app/WebSocketTest";
			};
			name = Debug;
		};
		2A901ABB263B465300024EE3 /* Release */ = {
			isa = XCBuildConfiguration;
			buildSettings = {
				ALWAYS_EMBED_SWIFT_STANDARD_LIBRARIES = YES;
				BUNDLE_LOADER = "$(TEST_HOST)";
				CODE_SIGN_STYLE = Automatic;
				INFOPLIST_FILE = WebSocketTestTests/Info.plist;
				IPHONEOS_DEPLOYMENT_TARGET = 14.0;
				LD_RUNPATH_SEARCH_PATHS = (
					"$(inherited)",
					"@executable_path/Frameworks",
					"@loader_path/Frameworks",
				);
				PRODUCT_BUNDLE_IDENTIFIER = lily.WebSocketTestTests;
				PRODUCT_NAME = "$(TARGET_NAME)";
				SWIFT_VERSION = 5.0;
				TARGETED_DEVICE_FAMILY = "1,2";
				TEST_HOST = "$(BUILT_PRODUCTS_DIR)/WebSocketTest.app/WebSocketTest";
			};
			name = Release;
		};
		2A901ABD263B465300024EE3 /* Debug */ = {
			isa = XCBuildConfiguration;
			buildSettings = {
				ALWAYS_EMBED_SWIFT_STANDARD_LIBRARIES = YES;
				CODE_SIGN_STYLE = Automatic;
				INFOPLIST_FILE = WebSocketTestUITests/Info.plist;
				LD_RUNPATH_SEARCH_PATHS = (
					"$(inherited)",
					"@executable_path/Frameworks",
					"@loader_path/Frameworks",
				);
				PRODUCT_BUNDLE_IDENTIFIER = lily.WebSocketTestUITests;
				PRODUCT_NAME = "$(TARGET_NAME)";
				SWIFT_VERSION = 5.0;
				TARGETED_DEVICE_FAMILY = "1,2";
				TEST_TARGET_NAME = WebSocketTest;
			};
			name = Debug;
		};
		2A901ABE263B465300024EE3 /* Release */ = {
			isa = XCBuildConfiguration;
			buildSettings = {
				ALWAYS_EMBED_SWIFT_STANDARD_LIBRARIES = YES;
				CODE_SIGN_STYLE = Automatic;
				INFOPLIST_FILE = WebSocketTestUITests/Info.plist;
				LD_RUNPATH_SEARCH_PATHS = (
					"$(inherited)",
					"@executable_path/Frameworks",
					"@loader_path/Frameworks",
				);
				PRODUCT_BUNDLE_IDENTIFIER = lily.WebSocketTestUITests;
				PRODUCT_NAME = "$(TARGET_NAME)";
				SWIFT_VERSION = 5.0;
				TARGETED_DEVICE_FAMILY = "1,2";
				TEST_TARGET_NAME = WebSocketTest;
			};
			name = Release;
		};
/* End XCBuildConfiguration section */

/* Begin XCConfigurationList section */
		2A901A8C263B465000024EE3 /* Build configuration list for PBXProject "WebSocketTest" */ = {
			isa = XCConfigurationList;
			buildConfigurations = (
				2A901AB4263B465300024EE3 /* Debug */,
				2A901AB5263B465300024EE3 /* Release */,
			);
			defaultConfigurationIsVisible = 0;
			defaultConfigurationName = Release;
		};
		2A901AB6263B465300024EE3 /* Build configuration list for PBXNativeTarget "WebSocketTest" */ = {
			isa = XCConfigurationList;
			buildConfigurations = (
				2A901AB7263B465300024EE3 /* Debug */,
				2A901AB8263B465300024EE3 /* Release */,
			);
			defaultConfigurationIsVisible = 0;
			defaultConfigurationName = Release;
		};
		2A901AB9263B465300024EE3 /* Build configuration list for PBXNativeTarget "WebSocketTestTests" */ = {
			isa = XCConfigurationList;
			buildConfigurations = (
				2A901ABA263B465300024EE3 /* Debug */,
				2A901ABB263B465300024EE3 /* Release */,
			);
			defaultConfigurationIsVisible = 0;
			defaultConfigurationName = Release;
		};
		2A901ABC263B465300024EE3 /* Build configuration list for PBXNativeTarget "WebSocketTestUITests" */ = {
			isa = XCConfigurationList;
			buildConfigurations = (
				2A901ABD263B465300024EE3 /* Debug */,
				2A901ABE263B465300024EE3 /* Release */,
			);
			defaultConfigurationIsVisible = 0;
			defaultConfigurationName = Release;
		};
/* End XCConfigurationList section */
	};
	rootObject = 2A901A89263B465000024EE3 /* Project object */;
}
